
Microsoft Visual Studio Solution File, Format Version 12.00
# Visual Studio Version 17
VisualStudioVersion = 17.0.32126.317
MinimumVisualStudioVersion = 10.0.40219.1
Project("{8BC9CEB8-8B4A-11D0-8D11-00A0C91BC942}") = "Parking", "Parking\Parking.vcxproj", "{04AAB41C-9641-4D32-9081-0DB2E9C319CD}"
EndProject
Project("{8BC9CEB8-8B4A-11D0-8D11-00A0C91BC942}") = "ConsoleGUI", "ConsoleGUI\ConsoleGUI.vcxproj", "{8DB1CA98-31E4-4556-BA21-50F3E5EDA082}"
EndProject
Project("{8BC9CEB8-8B4A-11D0-8D11-00A0C91BC942}") = "ParkingApp", "ParkingApp\ParkingApp.vcxproj", "{D0AAF9C7-E47A-4B93-BAB4-66AB49D1B96A}"
EndProject
Project("{8BC9CEB8-8B4A-11D0-8D11-00A0C91BC942}") = "ParkingUnitTests", "ParkingUnitTests\ParkingUnitTests.vcxproj", "{F96A747A-BB90-4496-8D9D-23CBCCA872BE}"
EndProject
Global
	GlobalSection(SolutionConfigurationPlatforms) = preSolution
		Debug|x64 = Debug|x64
		Debug|x86 = Debug|x86
		Release|x64 = Release|x64
		Release|x86 = Release|x86
	EndGlobalSection
	GlobalSection(ProjectConfigurationPlatforms) = postSolution
		{04AAB41C-9641-4D32-9081-0DB2E9C319CD}.Debug|x64.ActiveCfg = Debug|x64
		{04AAB41C-9641-4D32-9081-0DB2E9C319CD}.Debug|x64.Build.0 = Debug|x64
		{04AAB41C-9641-4D32-9081-0DB2E9C319CD}.Debug|x86.ActiveCfg = Debug|Win32
		{04AAB41C-9641-4D32-9081-0DB2E9C319CD}.Debug|x86.Build.0 = Debug|Win32
		{04AAB41C-9641-4D32-9081-0DB2E9C319CD}.Release|x64.ActiveCfg = Release|x64
		{04AAB41C-9641-4D32-9081-0DB2E9C319CD}.Release|x64.Build.0 = Release|x64
		{04AAB41C-9641-4D32-9081-0DB2E9C319CD}.Release|x86.ActiveCfg = Release|Win32
		{04AAB41C-9641-4D32-9081-0DB2E9C319CD}.Release|x86.Build.0 = Release|Win32
		{8DB1CA98-31E4-4556-BA21-50F3E5EDA082}.Debug|x64.ActiveCfg = Debug|x64
		{8DB1CA98-31E4-4556-BA21-50F3E5EDA082}.Debug|x64.Build.0 = Debug|x64
		{8DB1CA98-31E4-4556-BA21-50F3E5EDA082}.Debug|x86.ActiveCfg = Debug|Win32
		{8DB1CA98-31E4-4556-BA21-50F3E5EDA082}.Debug|x86.Build.0 = Debug|Win32
		{8DB1CA98-31E4-4556-BA21-50F3E5EDA082}.Release|x64.ActiveCfg = Release|x64
		{8DB1CA98-31E4-4556-BA21-50F3E5EDA082}.Release|x64.Build.0 = Release|x64
		{8DB1CA98-31E4-4556-BA21-50F3E5EDA082}.Release|x86.ActiveCfg = Release|Win32
		{8DB1CA98-31E4-4556-BA21-50F3E5EDA082}.Release|x86.Build.0 = Release|Win32
		{D0AAF9C7-E47A-4B93-BAB4-66AB49D1B96A}.Debug|x64.ActiveCfg = Debug|x64
		{D0AAF9C7-E47A-4B93-BAB4-66AB49D1B96A}.Debug|x64.Build.0 = Debug|x64
		{D0AAF9C7-E47A-4B93-BAB4-66AB49D1B96A}.Debug|x86.ActiveCfg = Debug|Win32
		{D0AAF9C7-E47A-4B93-BAB4-66AB49D1B96A}.Debug|x86.Build.0 = Debug|Win32
		{D0AAF9C7-E47A-4B93-BAB4-66AB49D1B96A}.Release|x64.ActiveCfg = Release|x64
		{D0AAF9C7-E47A-4B93-BAB4-66AB49D1B96A}.Release|x64.Build.0 = Release|x64
		{D0AAF9C7-E47A-4B93-BAB4-66AB49D1B96A}.Release|x86.ActiveCfg = Release|Win32
		{D0AAF9C7-E47A-4B93-BAB4-66AB49D1B96A}.Release|x86.Build.0 = Release|Win32
		{F96A747A-BB90-4496-8D9D-23CBCCA872BE}.Debug|x64.ActiveCfg = Debug|x64
		{F96A747A-BB90-4496-8D9D-23CBCCA872BE}.Debug|x64.Build.0 = Debug|x64
		{F96A747A-BB90-4496-8D9D-23CBCCA872BE}.Debug|x86.ActiveCfg = Debug|Win32
		{F96A747A-BB90-4496-8D9D-23CBCCA872BE}.Debug|x86.Build.0 = Debug|Win32
		{F96A747A-BB90-4496-8D9D-23CBCCA872BE}.Release|x64.ActiveCfg = Release|x64
		{F96A747A-BB90-4496-8D9D-23CBCCA872BE}.Release|x64.Build.0 = Release|x64
		{F96A747A-BB90-4496-8D9D-23CBCCA872BE}.Release|x86.ActiveCfg = Release|Win32
		{F96A747A-BB90-4496-8D9D-23CBCCA872BE}.Release|x86.Build.0 = Release|Win32
	EndGlobalSection
	GlobalSection(SolutionProperties) = preSolution
		HideSolutionNode = FALSE
	EndGlobalSection
	GlobalSection(ExtensibilityGlobals) = postSolution
		SolutionGuid = {52D3E08F-830A-4AF0-BB1E-AAFCA2DE095B}
	EndGlobalSection
EndGlobal
